
Microsoft Visual Studio Solution File, Format Version 12.00
# Visual Studio 14
VisualStudioVersion = 14.0.24720.0
MinimumVisualStudioVersion = 10.0.40219.1
Project("{8BC9CEB8-8B4A-11D0-8D11-00A0C91BC942}") = "Chilkat", "..\Chilkat\Chilkat.vcxproj", "{02D5F89A-712D-4D6D-995F-02DAF0ACA383}"
EndProject
Project("{FAE04EC0-301F-11D3-BF4B-00C04F79EFBC}") = "SampleCsApp", "..\SampleCsApp\SampleCsApp.csproj", "{C84167FE-3E94-4871-932B-86490BD8E407}"
EndProject
Project("{262852C6-CD72-467D-83FE-5EEB1973A190}") = "SampleJsApp", "..\SampleJsApp\SampleJsApp.jsproj", "{44E75E13-464F-43F0-81AE-9383527D769A}"
EndProject
Project("{F184B08F-C81C-45F6-A57F-5ABD9991F28F}") = "SampleVbApp", "..\SampleVbApp\SampleVbApp.vbproj", "{FFB73E20-6ED2-492C-923E-3FE3F698F463}"
EndProject
Global
	GlobalSection(SolutionConfigurationPlatforms) = preSolution
		Debug|Any CPU = Debug|Any CPU
		Debug|ARM = Debug|ARM
		Debug|x64 = Debug|x64
		Debug|x86 = Debug|x86
		Release|Any CPU = Release|Any CPU
		Release|ARM = Release|ARM
		Release|x64 = Release|x64
		Release|x86 = Release|x86
	EndGlobalSection
	GlobalSection(ProjectConfigurationPlatforms) = postSolution
		{02D5F89A-712D-4D6D-995F-02DAF0ACA383}.Debug|Any CPU.ActiveCfg = Debug|Win32
		{02D5F89A-712D-4D6D-995F-02DAF0ACA383}.Debug|ARM.ActiveCfg = Debug|ARM
		{02D5F89A-712D-4D6D-995F-02DAF0ACA383}.Debug|ARM.Build.0 = Debug|ARM
		{02D5F89A-712D-4D6D-995F-02DAF0ACA383}.Debug|x64.ActiveCfg = Debug|x64
		{02D5F89A-712D-4D6D-995F-02DAF0ACA383}.Debug|x64.Build.0 = Debug|x64
		{02D5F89A-712D-4D6D-995F-02DAF0ACA383}.Debug|x86.ActiveCfg = Debug|Win32
		{02D5F89A-712D-4D6D-995F-02DAF0ACA383}.Debug|x86.Build.0 = Debug|Win32
		{02D5F89A-712D-4D6D-995F-02DAF0ACA383}.Release|Any CPU.ActiveCfg = Release|Win32
		{02D5F89A-712D-4D6D-995F-02DAF0ACA383}.Release|ARM.ActiveCfg = Release|ARM
		{02D5F89A-712D-4D6D-995F-02DAF0ACA383}.Release|ARM.Build.0 = Release|ARM
		{02D5F89A-712D-4D6D-995F-02DAF0ACA383}.Release|x64.ActiveCfg = Release|x64
		{02D5F89A-712D-4D6D-995F-02DAF0ACA383}.Release|x64.Build.0 = Release|x64
		{02D5F89A-712D-4D6D-995F-02DAF0ACA383}.Release|x86.ActiveCfg = Release|Win32
		{02D5F89A-712D-4D6D-995F-02DAF0ACA383}.Release|x86.Build.0 = Release|Win32
		{C84167FE-3E94-4871-932B-86490BD8E407}.Debug|Any CPU.ActiveCfg = Debug|x86
		{C84167FE-3E94-4871-932B-86490BD8E407}.Debug|ARM.ActiveCfg = Debug|ARM
		{C84167FE-3E94-4871-932B-86490BD8E407}.Debug|ARM.Build.0 = Debug|ARM
		{C84167FE-3E94-4871-932B-86490BD8E407}.Debug|ARM.Deploy.0 = Debug|ARM
		{C84167FE-3E94-4871-932B-86490BD8E407}.Debug|x64.ActiveCfg = Debug|x64
		{C84167FE-3E94-4871-932B-86490BD8E407}.Debug|x64.Build.0 = Debug|x64
		{C84167FE-3E94-4871-932B-86490BD8E407}.Debug|x64.Deploy.0 = Debug|x64
		{C84167FE-3E94-4871-932B-86490BD8E407}.Debug|x86.ActiveCfg = Debug|x86
		{C84167FE-3E94-4871-932B-86490BD8E407}.Debug|x86.Build.0 = Debug|x86
		{C84167FE-3E94-4871-932B-86490BD8E407}.Debug|x86.Deploy.0 = Debug|x86
		{C84167FE-3E94-4871-932B-86490BD8E407}.Release|Any CPU.ActiveCfg = Release|x86
		{C84167FE-3E94-4871-932B-86490BD8E407}.Release|ARM.ActiveCfg = Release|ARM
		{C84167FE-3E94-4871-932B-86490BD8E407}.Release|ARM.Build.0 = Release|ARM
		{C84167FE-3E94-4871-932B-86490BD8E407}.Release|ARM.Deploy.0 = Release|ARM
		{C84167FE-3E94-4871-932B-86490BD8E407}.Release|x64.ActiveCfg = Release|x64
		{C84167FE-3E94-4871-932B-86490BD8E407}.Release|x64.Build.0 = Release|x64
		{C84167FE-3E94-4871-932B-86490BD8E407}.Release|x64.Deploy.0 = Release|x64
		{C84167FE-3E94-4871-932B-86490BD8E407}.Release|x86.ActiveCfg = Release|x86
		{C84167FE-3E94-4871-932B-86490BD8E407}.Release|x86.Build.0 = Release|x86
		{C84167FE-3E94-4871-932B-86490BD8E407}.Release|x86.Deploy.0 = Release|x86
		{44E75E13-464F-43F0-81AE-9383527D769A}.Debug|Any CPU.ActiveCfg = Debug|Any CPU
		{44E75E13-464F-43F0-81AE-9383527D769A}.Debug|Any CPU.Build.0 = Debug|Any CPU
		{44E75E13-464F-43F0-81AE-9383527D769A}.Debug|Any CPU.Deploy.0 = Debug|Any CPU
		{44E75E13-464F-43F0-81AE-9383527D769A}.Debug|ARM.ActiveCfg = Debug|ARM
		{44E75E13-464F-43F0-81AE-9383527D769A}.Debug|ARM.Build.0 = Debug|ARM
		{44E75E13-464F-43F0-81AE-9383527D769A}.Debug|ARM.Deploy.0 = Debug|ARM
		{44E75E13-464F-43F0-81AE-9383527D769A}.Debug|x64.ActiveCfg = Debug|x64
		{44E75E13-464F-43F0-81AE-9383527D769A}.Debug|x64.Build.0 = Debug|x64
		{44E75E13-464F-43F0-81AE-9383527D769A}.Debug|x64.Deploy.0 = Debug|x64
		{44E75E13-464F-43F0-81AE-9383527D769A}.Debug|x86.ActiveCfg = Debug|x86
		{44E75E13-464F-43F0-81AE-9383527D769A}.Debug|x86.Build.0 = Debug|x86
		{44E75E13-464F-43F0-81AE-9383527D769A}.Debug|x86.Deploy.0 = Debug|x86
		{44E75E13-464F-43F0-81AE-9383527D769A}.Release|Any CPU.ActiveCfg = Release|Any CPU
		{44E75E13-464F-43F0-81AE-9383527D769A}.Release|Any CPU.Build.0 = Release|Any CPU
		{44E75E13-464F-43F0-81AE-9383527D769A}.Release|Any CPU.Deploy.0 = Release|Any CPU
		{44E75E13-464F-43F0-81AE-9383527D769A}.Release|ARM.ActiveCfg = Release|ARM
		{44E75E13-464F-43F0-81AE-9383527D769A}.Release|ARM.Build.0 = Release|ARM
		{44E75E13-464F-43F0-81AE-9383527D769A}.Release|ARM.Deploy.0 = Release|ARM
		{44E75E13-464F-43F0-81AE-9383527D769A}.Release|x64.ActiveCfg = Release|x64
		{44E75E13-464F-43F0-81AE-9383527D769A}.Release|x64.Build.0 = Release|x64
		{44E75E13-464F-43F0-81AE-9383527D769A}.Release|x64.Deploy.0 = Release|x64
		{44E75E13-464F-43F0-81AE-9383527D769A}.Release|x86.ActiveCfg = Release|x86
		{44E75E13-464F-43F0-81AE-9383527D769A}.Release|x86.Build.0 = Release|x86
		{44E75E13-464F-43F0-81AE-9383527D769A}.Release|x86.Deploy.0 = Release|x86
		{FFB73E20-6ED2-492C-923E-3FE3F698F463}.Debug|Any CPU.ActiveCfg = Debug|x86
		{FFB73E20-6ED2-492C-923E-3FE3F698F463}.Debug|ARM.ActiveCfg = Debug|ARM
		{FFB73E20-6ED2-492C-923E-3FE3F698F463}.Debug|ARM.Build.0 = Debug|ARM
		{FFB73E20-6ED2-492C-923E-3FE3F698F463}.Debug|ARM.Deploy.0 = Debug|ARM
		{FFB73E20-6ED2-492C-923E-3FE3F698F463}.Debug|x64.ActiveCfg = Debug|x64
		{FFB73E20-6ED2-492C-923E-3FE3F698F463}.Debug|x64.Build.0 = Debug|x64
		{FFB73E20-6ED2-492C-923E-3FE3F698F463}.Debug|x64.Deploy.0 = Debug|x64
		{FFB73E20-6ED2-492C-923E-3FE3F698F463}.Debug|x86.ActiveCfg = Debug|x86
		{FFB73E20-6ED2-492C-923E-3FE3F698F463}.Debug|x86.Build.0 = Debug|x86
		{FFB73E20-6ED2-492C-923E-3FE3F698F463}.Debug|x86.Deploy.0 = Debug|x86
		{FFB73E20-6ED2-492C-923E-3FE3F698F463}.Release|Any CPU.ActiveCfg = Release|x86
		{FFB73E20-6ED2-492C-923E-3FE3F698F463}.Release|ARM.ActiveCfg = Release|ARM
		{FFB73E20-6ED2-492C-923E-3FE3F698F463}.Release|ARM.Build.0 = Release|ARM
		{FFB73E20-6ED2-492C-923E-3FE3F698F463}.Release|ARM.Deploy.0 = Release|ARM
		{FFB73E20-6ED2-492C-923E-3FE3F698F463}.Release|x64.ActiveCfg = Release|x64
		{FFB73E20-6ED2-492C-923E-3FE3F698F463}.Release|x64.Build.0 = Release|x64
		{FFB73E20-6ED2-492C-923E-3FE3F698F463}.Release|x64.Deploy.0 = Release|x64
		{FFB73E20-6ED2-492C-923E-3FE3F698F463}.Release|x86.ActiveCfg = Release|x86
		{FFB73E20-6ED2-492C-923E-3FE3F698F463}.Release|x86.Build.0 = Release|x86
		{FFB73E20-6ED2-492C-923E-3FE3F698F463}.Release|x86.Deploy.0 = Release|x86
	EndGlobalSection
	GlobalSection(SolutionProperties) = preSolution
		HideSolutionNode = FALSE
	EndGlobalSection
EndGlobal
